{
  "name": "8bit_game_test1",
  "lockfileVersion": 3,
  "requires": true,
  "packages": {
    "": {
      "dependencies": {
        "phaser": "^4.2.1",
        "phaser-matter-collision-plugin": "^1.0.0"
      }
    },
    "node_modules/eventemitter3": {
      "version": "5.0.4",
      "resolved": "https://registry.npmjs.org/eventemitter3/-/eventemitter3-5.0.4.tgz",
      "integrity": "sha512-mlsTRyGaPBjPedk6Bvw+aqbsXDtoAyAzm5MO7JgU+yVRyMQ5O8bD4Kcci7BS85f93veegeCPkL8R4GLClnjLFw==",
      "license": "MIT"
    },
    "node_modules/phaser": {
      "version": "4.2.1",
      "resolved": "https://registry.npmjs.org/phaser/-/phaser-4.2.1.tgz",
      "integrity": "sha512-WUNwCPJpdjvZiuT6SgCfYVW8Qw/3j0jJ4ws7P2QkhFLFu74sbGuyHJcbFueGkY/AYO4Pi47bNQXn1OCJeLX//w==",
      "license": "MIT",
      "dependencies": {
        "eventemitter3": "^5.0.4"
      }
    },
    "node_modules/phaser-matter-collision-plugin": {
      "version": "1.0.0",
      "resolved": "https://registry.npmjs.org/phaser-matter-collision-plugin/-/phaser-matter-collision-plugin-1.0.0.tgz",
      "integrity": "sha512-8ihbK5tPmMzpLSbJkrnyPKNZT/TyhN2bjHtthTl2cmTCiJpY6Ih7SZf1Kb6zWtUD8kWlllPrBktF1CcwmMvc0w==",
      "license": "MIT",
      "peerDependencies": {
        "phaser": "^3.55.2"
      }
    }
  }
}
